
Microsoft Visual Studio Solution File, Format Version 12.00
# Visual Studio Version 17
VisualStudioVersion = 17.11.35312.102
MinimumVisualStudioVersion = 10.0.40219.1
Project("{8BC9CEB8-8B4A-11D0-8D11-00A0C91BC942}") = "DFS_BFS", "Đồ Thị\Đồ Thị.vcxproj", "{7BD437CF-C345-416D-8965-E91E746F19AF}"
EndProject
Project("{8BC9CEB8-8B4A-11D0-8D11-00A0C91BC942}") = "ỨNG DỤNG CỦA DFS VÀ BFS", "ỨNG DỤNG CỦA DFS VÀ BFS\ỨNG DỤNG CỦA DFS VÀ BFS.vcxproj", "{2FB75ACA-0B42-4C35-B2AE-309F7BBF21A8}"
EndProject
Project("{8BC9CEB8-8B4A-11D0-8D11-00A0C91BC942}") = "THÀNH PHẦN LIÊN THÔNG MẠNH", "THÀNH PHẦN LIÊN THÔNG MẠNH\THÀNH PHẦN LIÊN THÔNG MẠNH.vcxproj", "{99B405C4-F28D-4907-8401-4AC72414AA75}"
EndProject
Project("{8BC9CEB8-8B4A-11D0-8D11-00A0C91BC942}") = "DSU", "DSU\DSU.vcxproj", "{943EE102-5C2F-4B35-97CD-1E2EAF358715}"
EndProject
Project("{8BC9CEB8-8B4A-11D0-8D11-00A0C91BC942}") = "CÂY KHUNG CỰC TIỂU", "CÂY KHUNG CỰC TIỂU\CÂY KHUNG CỰC TIỂU.vcxproj", "{88D24A08-357B-437D-A340-F1941C109631}"
EndProject
Project("{8BC9CEB8-8B4A-11D0-8D11-00A0C91BC942}") = "THUẬT TOÁN ĐƯỜNG ĐI NGẮN NHẤT", "THUẬT TOÁN ĐƯỜNG ĐI NGẮN NHẤT\THUẬT TOÁN ĐƯỜNG ĐI NGẮN NHẤT.vcxproj", "{2F7C05C3-9C92-4B3D-8F00-19A8CF13FB62}"
EndProject
Project("{8BC9CEB8-8B4A-11D0-8D11-00A0C91BC942}") = "BÀI TẬP", "BÀI TẬP\BÀI TẬP.vcxproj", "{146F242E-B82E-47C5-BAE5-ED8393CBD4F8}"
EndProject
Project("{8BC9CEB8-8B4A-11D0-8D11-00A0C91BC942}") = "BAI_TAP_REN_LUYEN", "BAI_TAP_REN_LUYEN\BAI_TAP_REN_LUYEN.vcxproj", "{CE67846A-FF04-445F-9BCD-401CFA87DFBA}"
EndProject
Global
	GlobalSection(SolutionConfigurationPlatforms) = preSolution
		Debug|x64 = Debug|x64
		Debug|x86 = Debug|x86
		Release|x64 = Release|x64
		Release|x86 = Release|x86
	EndGlobalSection
	GlobalSection(ProjectConfigurationPlatforms) = postSolution
		{7BD437CF-C345-416D-8965-E91E746F19AF}.Debug|x64.ActiveCfg = Debug|x64
		{7BD437CF-C345-416D-8965-E91E746F19AF}.Debug|x64.Build.0 = Debug|x64
		{7BD437CF-C345-416D-8965-E91E746F19AF}.Debug|x86.ActiveCfg = Debug|Win32
		{7BD437CF-C345-416D-8965-E91E746F19AF}.Debug|x86.Build.0 = Debug|Win32
		{7BD437CF-C345-416D-8965-E91E746F19AF}.Release|x64.ActiveCfg = Release|x64
		{7BD437CF-C345-416D-8965-E91E746F19AF}.Release|x64.Build.0 = Release|x64
		{7BD437CF-C345-416D-8965-E91E746F19AF}.Release|x86.ActiveCfg = Release|Win32
		{7BD437CF-C345-416D-8965-E91E746F19AF}.Release|x86.Build.0 = Release|Win32
		{2FB75ACA-0B42-4C35-B2AE-309F7BBF21A8}.Debug|x64.ActiveCfg = Debug|x64
		{2FB75ACA-0B42-4C35-B2AE-309F7BBF21A8}.Debug|x64.Build.0 = Debug|x64
		{2FB75ACA-0B42-4C35-B2AE-309F7BBF21A8}.Debug|x86.ActiveCfg = Debug|Win32
		{2FB75ACA-0B42-4C35-B2AE-309F7BBF21A8}.Debug|x86.Build.0 = Debug|Win32
		{2FB75ACA-0B42-4C35-B2AE-309F7BBF21A8}.Release|x64.ActiveCfg = Release|x64
		{2FB75ACA-0B42-4C35-B2AE-309F7BBF21A8}.Release|x64.Build.0 = Release|x64
		{2FB75ACA-0B42-4C35-B2AE-309F7BBF21A8}.Release|x86.ActiveCfg = Release|Win32
		{2FB75ACA-0B42-4C35-B2AE-309F7BBF21A8}.Release|x86.Build.0 = Release|Win32
		{99B405C4-F28D-4907-8401-4AC72414AA75}.Debug|x64.ActiveCfg = Debug|x64
		{99B405C4-F28D-4907-8401-4AC72414AA75}.Debug|x64.Build.0 = Debug|x64
		{99B405C4-F28D-4907-8401-4AC72414AA75}.Debug|x86.ActiveCfg = Debug|Win32
		{99B405C4-F28D-4907-8401-4AC72414AA75}.Debug|x86.Build.0 = Debug|Win32
		{99B405C4-F28D-4907-8401-4AC72414AA75}.Release|x64.ActiveCfg = Release|x64
		{99B405C4-F28D-4907-8401-4AC72414AA75}.Release|x64.Build.0 = Release|x64
		{99B405C4-F28D-4907-8401-4AC72414AA75}.Release|x86.ActiveCfg = Release|Win32
		{99B405C4-F28D-4907-8401-4AC72414AA75}.Release|x86.Build.0 = Release|Win32
		{943EE102-5C2F-4B35-97CD-1E2EAF358715}.Debug|x64.ActiveCfg = Debug|x64
		{943EE102-5C2F-4B35-97CD-1E2EAF358715}.Debug|x64.Build.0 = Debug|x64
		{943EE102-5C2F-4B35-97CD-1E2EAF358715}.Debug|x86.ActiveCfg = Debug|Win32
		{943EE102-5C2F-4B35-97CD-1E2EAF358715}.Debug|x86.Build.0 = Debug|Win32
		{943EE102-5C2F-4B35-97CD-1E2EAF358715}.Release|x64.ActiveCfg = Release|x64
		{943EE102-5C2F-4B35-97CD-1E2EAF358715}.Release|x64.Build.0 = Release|x64
		{943EE102-5C2F-4B35-97CD-1E2EAF358715}.Release|x86.ActiveCfg = Release|Win32
		{943EE102-5C2F-4B35-97CD-1E2EAF358715}.Release|x86.Build.0 = Release|Win32
		{88D24A08-357B-437D-A340-F1941C109631}.Debug|x64.ActiveCfg = Debug|x64
		{88D24A08-357B-437D-A340-F1941C109631}.Debug|x64.Build.0 = Debug|x64
		{88D24A08-357B-437D-A340-F1941C109631}.Debug|x86.ActiveCfg = Debug|Win32
		{88D24A08-357B-437D-A340-F1941C109631}.Debug|x86.Build.0 = Debug|Win32
		{88D24A08-357B-437D-A340-F1941C109631}.Release|x64.ActiveCfg = Release|x64
		{88D24A08-357B-437D-A340-F1941C109631}.Release|x64.Build.0 = Release|x64
		{88D24A08-357B-437D-A340-F1941C109631}.Release|x86.ActiveCfg = Release|Win32
		{88D24A08-357B-437D-A340-F1941C109631}.Release|x86.Build.0 = Release|Win32
		{2F7C05C3-9C92-4B3D-8F00-19A8CF13FB62}.Debug|x64.ActiveCfg = Debug|x64
		{2F7C05C3-9C92-4B3D-8F00-19A8CF13FB62}.Debug|x64.Build.0 = Debug|x64
		{2F7C05C3-9C92-4B3D-8F00-19A8CF13FB62}.Debug|x86.ActiveCfg = Debug|Win32
		{2F7C05C3-9C92-4B3D-8F00-19A8CF13FB62}.Debug|x86.Build.0 = Debug|Win32
		{2F7C05C3-9C92-4B3D-8F00-19A8CF13FB62}.Release|x64.ActiveCfg = Release|x64
		{2F7C05C3-9C92-4B3D-8F00-19A8CF13FB62}.Release|x64.Build.0 = Release|x64
		{2F7C05C3-9C92-4B3D-8F00-19A8CF13FB62}.Release|x86.ActiveCfg = Release|Win32
		{2F7C05C3-9C92-4B3D-8F00-19A8CF13FB62}.Release|x86.Build.0 = Release|Win32
		{146F242E-B82E-47C5-BAE5-ED8393CBD4F8}.Debug|x64.ActiveCfg = Debug|x64
		{146F242E-B82E-47C5-BAE5-ED8393CBD4F8}.Debug|x64.Build.0 = Debug|x64
		{146F242E-B82E-47C5-BAE5-ED8393CBD4F8}.Debug|x86.ActiveCfg = Debug|Win32
		{146F242E-B82E-47C5-BAE5-ED8393CBD4F8}.Debug|x86.Build.0 = Debug|Win32
		{146F242E-B82E-47C5-BAE5-ED8393CBD4F8}.Release|x64.ActiveCfg = Release|x64
		{146F242E-B82E-47C5-BAE5-ED8393CBD4F8}.Release|x64.Build.0 = Release|x64
		{146F242E-B82E-47C5-BAE5-ED8393CBD4F8}.Release|x86.ActiveCfg = Release|Win32
		{146F242E-B82E-47C5-BAE5-ED8393CBD4F8}.Release|x86.Build.0 = Release|Win32
		{CE67846A-FF04-445F-9BCD-401CFA87DFBA}.Debug|x64.ActiveCfg = Debug|x64
		{CE67846A-FF04-445F-9BCD-401CFA87DFBA}.Debug|x64.Build.0 = Debug|x64
		{CE67846A-FF04-445F-9BCD-401CFA87DFBA}.Debug|x86.ActiveCfg = Debug|Win32
		{CE67846A-FF04-445F-9BCD-401CFA87DFBA}.Debug|x86.Build.0 = Debug|Win32
		{CE67846A-FF04-445F-9BCD-401CFA87DFBA}.Release|x64.ActiveCfg = Release|x64
		{CE67846A-FF04-445F-9BCD-401CFA87DFBA}.Release|x64.Build.0 = Release|x64
		{CE67846A-FF04-445F-9BCD-401CFA87DFBA}.Release|x86.ActiveCfg = Release|Win32
		{CE67846A-FF04-445F-9BCD-401CFA87DFBA}.Release|x86.Build.0 = Release|Win32
	EndGlobalSection
	GlobalSection(SolutionProperties) = preSolution
		HideSolutionNode = FALSE
	EndGlobalSection
	GlobalSection(ExtensibilityGlobals) = postSolution
		SolutionGuid = {624C5D56-D87F-4DA4-BB4E-06DA4005F7AC}
	EndGlobalSection
EndGlobal
